
Microsoft Visual Studio Solution File, Format Version 12.00
# Visual Studio Version 17
VisualStudioVersion = 17.3.32819.101
MinimumVisualStudioVersion = 10.0.40219.1
Project("{FAE04EC0-301F-11D3-BF4B-00C04F79EFBC}") = "1er entrega proyecto final", "1er entrega proyecto final.csproj", "{3AA54264-B21C-40FB-AD90-F21BCC3D4A95}"
EndProject
Global
	GlobalSection(SolutionConfigurationPlatforms) = preSolution
		Debug|Any CPU = Debug|Any CPU
		Release|Any CPU = Release|Any CPU
	EndGlobalSection
	GlobalSection(ProjectConfigurationPlatforms) = postSolution
		{3AA54264-B21C-40FB-AD90-F21BCC3D4A95}.Debug|Any CPU.ActiveCfg = Debug|Any CPU
		{3AA54264-B21C-40FB-AD90-F21BCC3D4A95}.Debug|Any CPU.Build.0 = Debug|Any CPU
		{3AA54264-B21C-40FB-AD90-F21BCC3D4A95}.Release|Any CPU.ActiveCfg = Release|Any CPU
		{3AA54264-B21C-40FB-AD90-F21BCC3D4A95}.Release|Any CPU.Build.0 = Release|Any CPU
	EndGlobalSection
	GlobalSection(SolutionProperties) = preSolution
		HideSolutionNode = FALSE
	EndGlobalSection
	GlobalSection(ExtensibilityGlobals) = postSolution
		SolutionGuid = {FB4CEA6A-C59E-4742-98D8-41E0B9E693C6}
	EndGlobalSection
EndGlobal
