
Microsoft Visual Studio Solution File, Format Version 12.00
# Visual Studio Version 17
VisualStudioVersion = 17.3.32819.101
MinimumVisualStudioVersion = 10.0.40219.1
Project("{FAE04EC0-301F-11D3-BF4B-00C04F79EFBC}") = "WebApplication2", "WebApplication2.csproj", "{A857482A-0812-4B41-98F7-7B44B323A49B}"
EndProject
Global
	GlobalSection(SolutionConfigurationPlatforms) = preSolution
		Debug|Any CPU = Debug|Any CPU
		Release|Any CPU = Release|Any CPU
	EndGlobalSection
	GlobalSection(ProjectConfigurationPlatforms) = postSolution
		{A857482A-0812-4B41-98F7-7B44B323A49B}.Debug|Any CPU.ActiveCfg = Debug|Any CPU
		{A857482A-0812-4B41-98F7-7B44B323A49B}.Debug|Any CPU.Build.0 = Debug|Any CPU
		{A857482A-0812-4B41-98F7-7B44B323A49B}.Release|Any CPU.ActiveCfg = Release|Any CPU
		{A857482A-0812-4B41-98F7-7B44B323A49B}.Release|Any CPU.Build.0 = Release|Any CPU
	EndGlobalSection
	GlobalSection(SolutionProperties) = preSolution
		HideSolutionNode = FALSE
	EndGlobalSection
	GlobalSection(ExtensibilityGlobals) = postSolution
		SolutionGuid = {5D56C689-9AFE-4C49-89F0-55B5C7D61210}
	EndGlobalSection
EndGlobal
